
Microsoft Visual Studio Solution File, Format Version 11.00
# Visual Studio 2010
Project("{2150E333-8FDC-42A3-9474-1A3956D46DE8}") = "Solution Items", "Solution Items", "{01DE5124-D912-45D1-89FF-9EDA02C8380D}"
	ProjectSection(SolutionItems) = preProject
		LocalTestRun.testrunconfig = LocalTestRun.testrunconfig
		VSCodeConvertor.vsmdi = VSCodeConvertor.vsmdi
	EndProjectSection
EndProject
Project("{F184B08F-C81C-45F6-A57F-5ABD9991F28F}") = "CodeConvert", "CodeConvert\CodeConvert.vbproj", "{4BF9975F-1294-404A-AB7F-1C1FFDCE3C1A}"
EndProject
Project("{FAE04EC0-301F-11D3-BF4B-00C04F79EFBC}") = "NRefactory", "NRefactory\NRefactory.csproj", "{3A9AE6AA-BC07-4A2F-972C-581E3AE2F195}"
EndProject
Project("{54435603-DBB4-11D2-8724-00A0C9A8B90C}") = "CodeConvertSetup", "CodeConvertSetup\CodeConvertSetup.vdproj", "{0BD0C307-E4D1-4D82-B687-665D8668363A}"
EndProject
Project("{FAE04EC0-301F-11D3-BF4B-00C04F79EFBC}") = "LockedFileDetector", "AddonBuildAction\LockedFileDetector.csproj", "{B8174B62-351D-4663-8F09-9E59F76A9264}"
EndProject
Project("{FAE04EC0-301F-11D3-BF4B-00C04F79EFBC}") = "ApiTester", "ApiTester\ApiTester.csproj", "{7A342210-E39C-4C03-9D1C-D20575CF6583}"
EndProject
Global
	GlobalSection(SubversionScc) = preSolution
		Svn-Managed = True
		Manager = AnkhSVN - Subversion Support for Visual Studio
	EndGlobalSection
	GlobalSection(TestCaseManagementSettings) = postSolution
		CategoryFile = VSCodeConvertor.vsmdi
	EndGlobalSection
	GlobalSection(SolutionConfigurationPlatforms) = preSolution
		Debug|Any CPU = Debug|Any CPU
		Release|Any CPU = Release|Any CPU
	EndGlobalSection
	GlobalSection(ProjectConfigurationPlatforms) = postSolution
		{4BF9975F-1294-404A-AB7F-1C1FFDCE3C1A}.Debug|Any CPU.ActiveCfg = Debug|Any CPU
		{4BF9975F-1294-404A-AB7F-1C1FFDCE3C1A}.Debug|Any CPU.Build.0 = Debug|Any CPU
		{4BF9975F-1294-404A-AB7F-1C1FFDCE3C1A}.Release|Any CPU.ActiveCfg = Release|Any CPU
		{4BF9975F-1294-404A-AB7F-1C1FFDCE3C1A}.Release|Any CPU.Build.0 = Release|Any CPU
		{3A9AE6AA-BC07-4A2F-972C-581E3AE2F195}.Debug|Any CPU.ActiveCfg = Debug|Any CPU
		{3A9AE6AA-BC07-4A2F-972C-581E3AE2F195}.Debug|Any CPU.Build.0 = Debug|Any CPU
		{3A9AE6AA-BC07-4A2F-972C-581E3AE2F195}.Release|Any CPU.ActiveCfg = Release|Any CPU
		{3A9AE6AA-BC07-4A2F-972C-581E3AE2F195}.Release|Any CPU.Build.0 = Release|Any CPU
		{0BD0C307-E4D1-4D82-B687-665D8668363A}.Debug|Any CPU.ActiveCfg = Debug
		{0BD0C307-E4D1-4D82-B687-665D8668363A}.Release|Any CPU.ActiveCfg = Release
		{B8174B62-351D-4663-8F09-9E59F76A9264}.Debug|Any CPU.ActiveCfg = Debug|Any CPU
		{B8174B62-351D-4663-8F09-9E59F76A9264}.Debug|Any CPU.Build.0 = Debug|Any CPU
		{B8174B62-351D-4663-8F09-9E59F76A9264}.Release|Any CPU.ActiveCfg = Release|Any CPU
		{B8174B62-351D-4663-8F09-9E59F76A9264}.Release|Any CPU.Build.0 = Release|Any CPU
		{7A342210-E39C-4C03-9D1C-D20575CF6583}.Debug|Any CPU.ActiveCfg = Debug|Any CPU
		{7A342210-E39C-4C03-9D1C-D20575CF6583}.Debug|Any CPU.Build.0 = Debug|Any CPU
		{7A342210-E39C-4C03-9D1C-D20575CF6583}.Release|Any CPU.ActiveCfg = Release|Any CPU
		{7A342210-E39C-4C03-9D1C-D20575CF6583}.Release|Any CPU.Build.0 = Release|Any CPU
	EndGlobalSection
	GlobalSection(SolutionProperties) = preSolution
		HideSolutionNode = FALSE
	EndGlobalSection
EndGlobal
